
Microsoft Visual Studio Solution File, Format Version 12.00
# Visual Studio Version 17
VisualStudioVersion = 17.12.35506.116
MinimumVisualStudioVersion = 10.0.40219.1
Project("{FAE04EC0-301F-11D3-BF4B-00C04F79EFBC}") = "ClearKilovat", "ClearKilovat\ClearKilovat.csproj", "{DDB8DB0A-38B7-489E-90A6-8F0A5D0E130C}"
EndProject
Global
	GlobalSection(SolutionConfigurationPlatforms) = preSolution
		Debug|Any CPU = Debug|Any CPU
		Release|Any CPU = Release|Any CPU
	EndGlobalSection
	GlobalSection(ProjectConfigurationPlatforms) = postSolution
		{DDB8DB0A-38B7-489E-90A6-8F0A5D0E130C}.Debug|Any CPU.ActiveCfg = Debug|Any CPU
		{DDB8DB0A-38B7-489E-90A6-8F0A5D0E130C}.Debug|Any CPU.Build.0 = Debug|Any CPU
		{DDB8DB0A-38B7-489E-90A6-8F0A5D0E130C}.Release|Any CPU.ActiveCfg = Release|Any CPU
		{DDB8DB0A-38B7-489E-90A6-8F0A5D0E130C}.Release|Any CPU.Build.0 = Release|Any CPU
	EndGlobalSection
	GlobalSection(SolutionProperties) = preSolution
		HideSolutionNode = FALSE
	EndGlobalSection
	GlobalSection(ExtensibilityGlobals) = postSolution
		SolutionGuid = {61FAC6A7-95C5-4592-A650-8449E03CC75B}
	EndGlobalSection
EndGlobal
